<?xml version="1.0" encoding="utf-8"?>
<Project ToolsVersion="4.0" xmlns="http://schemas.microsoft.com/developer/msbuild/2003">
  <ItemGroup>
    <Filter Include="Source Files">
      <UniqueIdentifier>{4FC737F1-C7A5-4376-A066-2A32D752A2FF}</UniqueIdentifier>
      <Extensions>cpp;c;cc;cxx;def;odl;idl;hpj;bat;asm;asmx</Extensions>
    </Filter>
    <Filter Include="Header Files">
      <UniqueIdentifier>{93995380-89BD-4b04-88EB-625FBE52EBFB}</UniqueIdentifier>
      <Extensions>h;hh;hpp;hxx;hm;inl;inc;xsd</Extensions>
    </Filter>
    <Filter Include="Resource Files">
      <UniqueIdentifier>{67DA6AB6-F800-4c08-8B7A-83BB121AAD01}</UniqueIdentifier>
      <Extensions>rc;ico;cur;bmp;dlg;rc2;rct;bin;rgs;gif;jpg;jpeg;jpe;resx;tiff;tif;png;wav;mfcribbon-ms</Extensions>
    </Filter>
    <Filter Include="Source Files\Logic">
      <UniqueIdentifier>{b75c4b16-24f7-4709-b298-ae16e1f6ba9e}</UniqueIdentifier>
    </Filter>
    <Filter Include="Source Files\Model">
      <UniqueIdentifier>{a4b71ae6-3bf1-4498-9a15-1e773c55c84b}</UniqueIdentifier>
    </Filter>
    <Filter Include="Source Files\Render">
      <UniqueIdentifier>{a434a542-5446-41fb-a2a9-b01aa343e8fc}</UniqueIdentifier>
    </Filter>
    <Filter Include="Header Files\Logic">
      <UniqueIdentifier>{42068eeb-ee3b-4057-9cb1-9e3e9c7faf14}</UniqueIdentifier>
    </Filter>
    <Filter Include="Header Files\Model">
      <UniqueIdentifier>{4805d6b3-523a-4fe4-9786-1eec1a9ee822}</UniqueIdentifier>
    </Filter>
    <Filter Include="Header Files\Render">
      <UniqueIdentifier>{95c76b6a-dd7d-4e66-8bf5-4f41650d9663}</UniqueIdentifier>
    </Filter>
    <Filter Include="Source Files\Input">
      <UniqueIdentifier>{c1febab2-fb91-46e2-b9e7-96c5c3ca23c1}</UniqueIdentifier>
    </Filter>
    <Filter Include="Header Files\Input">
      <UniqueIdentifier>{3d620429-4bda-48b3-a036-1892658913a6}</UniqueIdentifier>
    </Filter>
    <Filter Include="Header Files\libs">
      <UniqueIdentifier>{3ffab49a-da31-43d4-affd-af95bf6a19e4}</UniqueIdentifier>
    </Filter>
    <Filter Include="Source Files\libs">
      <UniqueIdentifier>{38eb0f07-7fe7-41c0-b326-dd2ff6ebea86}</UniqueIdentifier>
    </Filter>
  </ItemGroup>
  <ItemGroup>
    <ClCompile Include="Launcher.cpp">
      <Filter>Source Files</Filter>
    </ClCompile>
    <ClCompile Include="Maze.cpp">
      <Filter>Source Files\Logic</Filter>
    </ClCompile>
    <ClCompile Include="Grafo.cpp">
      <Filter>Source Files\Model</Filter>
    </ClCompile>
    <ClCompile Include="Camera.cpp">
      <Filter>Source Files\Model</Filter>
    </ClCompile>
    <ClCompile Include="Model.cpp">
      <Filter>Source Files\Model</Filter>
    </ClCompile>
    <ClCompile Include="Status.cpp">
      <Filter>Source Files\Model</Filter>
    </ClCompile>
    <ClCompile Include="Graphics.cpp">
      <Filter>Source Files\Render</Filter>
    </ClCompile>
    <ClCompile Include="Keyboard.cpp">
      <Filter>Source Files\Input</Filter>
    </ClCompile>
    <ClCompile Include="Mouse.cpp">
      <Filter>Source Files\Input</Filter>
    </ClCompile>
    <ClCompile Include="Login.cpp">
      <Filter>Source Files\Logic</Filter>
    </ClCompile>
    <ClCompile Include="Score.cpp">
      <Filter>Source Files\Logic</Filter>
    </ClCompile>
    <ClCompile Include="MapsReceiver.cpp">
      <Filter>Source Files\Logic</Filter>
    </ClCompile>
    <ClCompile Include="ServicesHandler.cpp">
      <Filter>Source Files\Logic</Filter>
    </ClCompile>
    <ClCompile Include="math.cpp">
      <Filter>Source Files\libs</Filter>
    </ClCompile>
    <ClCompile Include="mdlviewer.cpp">
      <Filter>Source Files\libs</Filter>
    </ClCompile>
    <ClCompile Include="readjpeg.c">
      <Filter>Source Files\libs</Filter>
    </ClCompile>
    <ClCompile Include="studio_render.cpp">
      <Filter>Source Files\libs</Filter>
    </ClCompile>
    <ClCompile Include="studio_utils.cpp">
      <Filter>Source Files\libs</Filter>
    </ClCompile>
    <ClCompile Include="MainCharacter.cpp">
      <Filter>Source Files\Model</Filter>
    </ClCompile>
    <ClCompile Include="schemas.microsoft.com.2003.10.Serialization.xsd.c">
      <Filter>Source Files</Filter>
    </ClCompile>
    <ClCompile Include="tempuri.org.wsdl.c">
      <Filter>Source Files</Filter>
    </ClCompile>
    <ClCompile Include="tempuri.org.xsd.c">
      <Filter>Source Files</Filter>
    </ClCompile>
    <ClCompile Include="EnemyCharacter.cpp">
      <Filter>Source Files\Model</Filter>
    </ClCompile>
    <ClCompile Include="Music.cpp">
      <Filter>Source Files\Model</Filter>
    </ClCompile>
    <ClCompile Include="Obstacle.cpp">
      <Filter>Source Files\Model</Filter>
    </ClCompile>
    <ClCompile Include="Upload.cpp">
      <Filter>Source Files\Logic</Filter>
    </ClCompile>
    <ClCompile Include="Trap.cpp">
      <Filter>Source Files\Model</Filter>
    </ClCompile>
    <ClCompile Include="Door.cpp">
      <Filter>Source Files\Model</Filter>
    </ClCompile>
  </ItemGroup>
  <ItemGroup>
    <ClInclude Include="Maze.h">
      <Filter>Header Files\Logic</Filter>
    </ClInclude>
    <ClInclude Include="Camera.h">
      <Filter>Header Files\Model</Filter>
    </ClInclude>
    <ClInclude Include="Grafo.h">
      <Filter>Header Files\Model</Filter>
    </ClInclude>
    <ClInclude Include="Model.h">
      <Filter>Header Files\Model</Filter>
    </ClInclude>
    <ClInclude Include="Status.h">
      <Filter>Header Files\Model</Filter>
    </ClInclude>
    <ClInclude Include="GlobalVars.h">
      <Filter>Header Files\Logic</Filter>
    </ClInclude>
    <ClInclude Include="Graphics.h">
      <Filter>Header Files\Render</Filter>
    </ClInclude>
    <ClInclude Include="Keyboard.h">
      <Filter>Header Files\Input</Filter>
    </ClInclude>
    <ClInclude Include="Mouse.h">
      <Filter>Header Files\Input</Filter>
    </ClInclude>
    <ClInclude Include="Login.h">
      <Filter>Header Files\Logic</Filter>
    </ClInclude>
    <ClInclude Include="Score.h">
      <Filter>Header Files\Logic</Filter>
    </ClInclude>
    <ClInclude Include="MapsReceiver.h">
      <Filter>Header Files\Logic</Filter>
    </ClInclude>
    <ClInclude Include="ServicesHandler.h">
      <Filter>Header Files\Logic</Filter>
    </ClInclude>
    <ClInclude Include="jconfig.h">
      <Filter>Header Files\libs</Filter>
    </ClInclude>
    <ClInclude Include="jmorecfg.h">
      <Filter>Header Files\libs</Filter>
    </ClInclude>
    <ClInclude Include="jpeglib.h">
      <Filter>Header Files\libs</Filter>
    </ClInclude>
    <ClInclude Include="mathlib.h">
      <Filter>Header Files\libs</Filter>
    </ClInclude>
    <ClInclude Include="mdlviewer.h">
      <Filter>Header Files\libs</Filter>
    </ClInclude>
    <ClInclude Include="studio.h">
      <Filter>Header Files\libs</Filter>
    </ClInclude>
    <ClInclude Include="MainCharacter.h">
      <Filter>Header Files\Model</Filter>
    </ClInclude>
    <ClInclude Include="schemas.microsoft.com.2003.10.Serialization.xsd.h">
      <Filter>Header Files</Filter>
    </ClInclude>
    <ClInclude Include="tempuri.org.wsdl.h">
      <Filter>Header Files</Filter>
    </ClInclude>
    <ClInclude Include="tempuri.org.xsd.h">
      <Filter>Header Files</Filter>
    </ClInclude>
    <ClInclude Include="EnemyCharacter.h">
      <Filter>Header Files\Model</Filter>
    </ClInclude>
    <ClInclude Include="Music.h">
      <Filter>Header Files\Model</Filter>
    </ClInclude>
    <ClInclude Include="Obstacle.h">
      <Filter>Header Files\Model</Filter>
    </ClInclude>
    <ClInclude Include="Upload.h">
      <Filter>Header Files\Logic</Filter>
    </ClInclude>
    <ClInclude Include="Trap.h">
      <Filter>Header Files\Model</Filter>
    </ClInclude>
    <ClInclude Include="Door.h">
      <Filter>Header Files\Model</Filter>
    </ClInclude>
  </ItemGroup>
</Project>